
Microsoft Visual Studio Solution File, Format Version 12.00
# Visual Studio 14
VisualStudioVersion = 14.0.23107.0
MinimumVisualStudioVersion = 10.0.40219.1
Project("{FAE04EC0-301F-11D3-BF4B-00C04F79EFBC}") = "LogDemo", "LogDemo\LogDemo.csproj", "{A57CE224-A75E-49FB-A6E2-6740E715CDBA}"
EndProject
Global
	GlobalSection(SolutionConfigurationPlatforms) = preSolution
		Debug|Any CPU = Debug|Any CPU
		Release|Any CPU = Release|Any CPU
	EndGlobalSection
	GlobalSection(ProjectConfigurationPlatforms) = postSolution
		{A57CE224-A75E-49FB-A6E2-6740E715CDBA}.Debug|Any CPU.ActiveCfg = Debug|Any CPU
		{A57CE224-A75E-49FB-A6E2-6740E715CDBA}.Debug|Any CPU.Build.0 = Debug|Any CPU
		{A57CE224-A75E-49FB-A6E2-6740E715CDBA}.Release|Any CPU.ActiveCfg = Release|Any CPU
		{A57CE224-A75E-49FB-A6E2-6740E715CDBA}.Release|Any CPU.Build.0 = Release|Any CPU
	EndGlobalSection
	GlobalSection(SolutionProperties) = preSolution
		HideSolutionNode = FALSE
	EndGlobalSection
EndGlobal
