
Microsoft Visual Studio Solution File, Format Version 12.00
# Visual Studio 2013
VisualStudioVersion = 12.0.21005.1
MinimumVisualStudioVersion = 10.0.40219.1
Project("{FAE04EC0-301F-11D3-BF4B-00C04F79EFBC}") = "Logic", "Logic\Logic.csproj", "{52934230-3CBF-4815-A3F6-6A07E97594CC}"
EndProject
Project("{FAE04EC0-301F-11D3-BF4B-00C04F79EFBC}") = "Server", "..\Server\Server\Server.csproj", "{884C5BE5-19EB-4A5F-BB5C-BD050D383B1A}"
EndProject
Global
	GlobalSection(SolutionConfigurationPlatforms) = preSolution
		Debug|Any CPU = Debug|Any CPU
		Release|Any CPU = Release|Any CPU
	EndGlobalSection
	GlobalSection(ProjectConfigurationPlatforms) = postSolution
		{52934230-3CBF-4815-A3F6-6A07E97594CC}.Debug|Any CPU.ActiveCfg = Debug|Any CPU
		{52934230-3CBF-4815-A3F6-6A07E97594CC}.Debug|Any CPU.Build.0 = Debug|Any CPU
		{52934230-3CBF-4815-A3F6-6A07E97594CC}.Release|Any CPU.ActiveCfg = Release|Any CPU
		{52934230-3CBF-4815-A3F6-6A07E97594CC}.Release|Any CPU.Build.0 = Release|Any CPU
		{884C5BE5-19EB-4A5F-BB5C-BD050D383B1A}.Debug|Any CPU.ActiveCfg = Debug|Any CPU
		{884C5BE5-19EB-4A5F-BB5C-BD050D383B1A}.Debug|Any CPU.Build.0 = Debug|Any CPU
		{884C5BE5-19EB-4A5F-BB5C-BD050D383B1A}.Release|Any CPU.ActiveCfg = Release|Any CPU
		{884C5BE5-19EB-4A5F-BB5C-BD050D383B1A}.Release|Any CPU.Build.0 = Release|Any CPU
	EndGlobalSection
	GlobalSection(SolutionProperties) = preSolution
		HideSolutionNode = FALSE
	EndGlobalSection
EndGlobal
