
Microsoft Visual Studio Solution File, Format Version 12.00
# Visual Studio 14
VisualStudioVersion = 14.0.23107.0
MinimumVisualStudioVersion = 10.0.40219.1
Project("{FAE04EC0-301F-11D3-BF4B-00C04F79EFBC}") = "Web", "PCWeb\Web.csproj", "{4B8917CB-5AE4-41D4-B089-68D361644E18}"
EndProject
Project("{FAE04EC0-301F-11D3-BF4B-00C04F79EFBC}") = "Logic", "..\Logic\Logic\Logic.csproj", "{52934230-3CBF-4815-A3F6-6A07E97594CC}"
EndProject
Global
	GlobalSection(SolutionConfigurationPlatforms) = preSolution
		Debug|Any CPU = Debug|Any CPU
		Release|Any CPU = Release|Any CPU
	EndGlobalSection
	GlobalSection(ProjectConfigurationPlatforms) = postSolution
		{4B8917CB-5AE4-41D4-B089-68D361644E18}.Debug|Any CPU.ActiveCfg = Debug|Any CPU
		{4B8917CB-5AE4-41D4-B089-68D361644E18}.Debug|Any CPU.Build.0 = Debug|Any CPU
		{4B8917CB-5AE4-41D4-B089-68D361644E18}.Release|Any CPU.ActiveCfg = Release|Any CPU
		{4B8917CB-5AE4-41D4-B089-68D361644E18}.Release|Any CPU.Build.0 = Release|Any CPU
		{52934230-3CBF-4815-A3F6-6A07E97594CC}.Debug|Any CPU.ActiveCfg = Debug|Any CPU
		{52934230-3CBF-4815-A3F6-6A07E97594CC}.Debug|Any CPU.Build.0 = Debug|Any CPU
		{52934230-3CBF-4815-A3F6-6A07E97594CC}.Release|Any CPU.ActiveCfg = Release|Any CPU
		{52934230-3CBF-4815-A3F6-6A07E97594CC}.Release|Any CPU.Build.0 = Release|Any CPU
	EndGlobalSection
	GlobalSection(SolutionProperties) = preSolution
		HideSolutionNode = FALSE
	EndGlobalSection
EndGlobal
